// !$*UTF8*$!
{
	archiveVersion = 1;
	classes = {
	};
	objectVersion = 50;
	objects = {

/* Begin PBXBuildFile section */
		FEBFD1032588E91100592BE7 /* lijstenApp.swift in Sources */ = {isa = PBXBuildFile; fileRef = FEBFD1022588E91100592BE7 /* lijstenApp.swift */; };
		FEBFD1052588E91100592BE7 /* Lijst1View.swift in Sources */ = {isa = PBXBuildFile; fileRef = FEBFD1042588E91100592BE7 /* Lijst1View.swift */; };
		FEBFD1072588E91400592BE7 /* Assets.xcassets in Resources */ = {isa = PBXBuildFile; fileRef = FEBFD1062588E91400592BE7 /* Assets.xcassets */; };
		FEBFD10A2588E91400592BE7 /* Preview Assets.xcassets in Resources */ = {isa = PBXBuildFile; fileRef = FEBFD1092588E91400592BE7 /* Preview Assets.xcassets */; };
		FEBFD1132588EA5900592BE7 /* Lijst2View.swift in Sources */ = {isa = PBXBuildFile; fileRef = FEBFD1122588EA5900592BE7 /* Lijst2View.swift */; };
		FEBFD1172588EAF100592BE7 /* Lijst3View.swift in Sources */ = {isa = PBXBuildFile; fileRef = FEBFD1162588EAF100592BE7 /* Lijst3View.swift */; };
		FEBFD11A2588EBBE00592BE7 /* Lijst4VIew.swift in Sources */ = {isa = PBXBuildFile; fileRef = FEBFD1192588EBBE00592BE7 /* Lijst4VIew.swift */; };
		FEBFD11D2588EF7200592BE7 /* Lijst5View.swift in Sources */ = {isa = PBXBuildFile; fileRef = FEBFD11C2588EF7200592BE7 /* Lijst5View.swift */; };
		FEBFD1202588F06500592BE7 /* Lijst6View.swift in Sources */ = {isa = PBXBuildFile; fileRef = FEBFD11F2588F06500592BE7 /* Lijst6View.swift */; };
		FEBFD1232588F18500592BE7 /* Lijst7View.swift in Sources */ = {isa = PBXBuildFile; fileRef = FEBFD1222588F18500592BE7 /* Lijst7View.swift */; };
		FEBFD1262588FFCD00592BE7 /* Lijst8View.swift in Sources */ = {isa = PBXBuildFile; fileRef = FEBFD1252588FFCD00592BE7 /* Lijst8View.swift */; };
		FEBFD129258901AF00592BE7 /* Lijst9View.swift in Sources */ = {isa = PBXBuildFile; fileRef = FEBFD128258901AF00592BE7 /* Lijst9View.swift */; };
/* End PBXBuildFile section */

/* Begin PBXFileReference section */
		FEBFD0FF2588E91100592BE7 /* lijsten.app */ = {isa = PBXFileReference; explicitFileType = wrapper.application; includeInIndex = 0; path = lijsten.app; sourceTree = BUILT_PRODUCTS_DIR; };
		FEBFD1022588E91100592BE7 /* lijstenApp.swift */ = {isa = PBXFileReference; lastKnownFileType = sourcecode.swift; path = lijstenApp.swift; sourceTree = "<group>"; };
		FEBFD1042588E91100592BE7 /* Lijst1View.swift */ = {isa = PBXFileReference; lastKnownFileType = sourcecode.swift; path = Lijst1View.swift; sourceTree = "<group>"; };
		FEBFD1062588E91400592BE7 /* Assets.xcassets */ = {isa = PBXFileReference; lastKnownFileType = folder.assetcatalog; path = Assets.xcassets; sourceTree = "<group>"; };
		FEBFD1092588E91400592BE7 /* Preview Assets.xcassets */ = {isa = PBXFileReference; lastKnownFileType = folder.assetcatalog; path = "Preview Assets.xcassets"; sourceTree = "<group>"; };
		FEBFD10B2588E91400592BE7 /* Info.plist */ = {isa = PBXFileReference; lastKnownFileType = text.plist.xml; path = Info.plist; sourceTree = "<group>"; };
		FEBFD1122588EA5900592BE7 /* Lijst2View.swift */ = {isa = PBXFileReference; lastKnownFileType = sourcecode.swift; path = Lijst2View.swift; sourceTree = "<group>"; };
		FEBFD1162588EAF100592BE7 /* Lijst3View.swift */ = {isa = PBXFileReference; lastKnownFileType = sourcecode.swift; path = Lijst3View.swift; sourceTree = "<group>"; };
		FEBFD1192588EBBE00592BE7 /* Lijst4VIew.swift */ = {isa = PBXFileReference; lastKnownFileType = sourcecode.swift; path = Lijst4VIew.swift; sourceTree = "<group>"; };
		FEBFD11C2588EF7200592BE7 /* Lijst5View.swift */ = {isa = PBXFileReference; lastKnownFileType = sourcecode.swift; path = Lijst5View.swift; sourceTree = "<group>"; };
		FEBFD11F2588F06500592BE7 /* Lijst6View.swift */ = {isa = PBXFileReference; lastKnownFileType = sourcecode.swift; path = Lijst6View.swift; sourceTree = "<group>"; };
		FEBFD1222588F18500592BE7 /* Lijst7View.swift */ = {isa = PBXFileReference; lastKnownFileType = sourcecode.swift; path = Lijst7View.swift; sourceTree = "<group>"; };
		FEBFD1252588FFCD00592BE7 /* Lijst8View.swift */ = {isa = PBXFileReference; lastKnownFileType = sourcecode.swift; path = Lijst8View.swift; sourceTree = "<group>"; };
		FEBFD128258901AF00592BE7 /* Lijst9View.swift */ = {isa = PBXFileReference; lastKnownFileType = sourcecode.swift; path = Lijst9View.swift; sourceTree = "<group>"; };
/* End PBXFileReference section */

/* Begin PBXFrameworksBuildPhase section */
		FEBFD0FC2588E91100592BE7 /* Frameworks */ = {
			isa = PBXFrameworksBuildPhase;
			buildActionMask = 2147483647;
			files = (
			);
			runOnlyForDeploymentPostprocessing = 0;
		};
/* End PBXFrameworksBuildPhase section */

/* Begin PBXGroup section */
		FEBFD0F62588E91100592BE7 = {
			isa = PBXGroup;
			children = (
				FEBFD1012588E91100592BE7 /* lijsten */,
				FEBFD1002588E91100592BE7 /* Products */,
			);
			sourceTree = "<group>";
		};
		FEBFD1002588E91100592BE7 /* Products */ = {
			isa = PBXGroup;
			children = (
				FEBFD0FF2588E91100592BE7 /* lijsten.app */,
			);
			name = Products;
			sourceTree = "<group>";
		};
		FEBFD1012588E91100592BE7 /* lijsten */ = {
			isa = PBXGroup;
			children = (
				FEBFD1022588E91100592BE7 /* lijstenApp.swift */,
				FEBFD1042588E91100592BE7 /* Lijst1View.swift */,
				FEBFD1062588E91400592BE7 /* Assets.xcassets */,
				FEBFD10B2588E91400592BE7 /* Info.plist */,
				FEBFD1082588E91400592BE7 /* Preview Content */,
				FEBFD1122588EA5900592BE7 /* Lijst2View.swift */,
				FEBFD1162588EAF100592BE7 /* Lijst3View.swift */,
				FEBFD1192588EBBE00592BE7 /* Lijst4VIew.swift */,
				FEBFD11C2588EF7200592BE7 /* Lijst5View.swift */,
				FEBFD11F2588F06500592BE7 /* Lijst6View.swift */,
				FEBFD1222588F18500592BE7 /* Lijst7View.swift */,
				FEBFD1252588FFCD00592BE7 /* Lijst8View.swift */,
				FEBFD128258901AF00592BE7 /* Lijst9View.swift */,
			);
			path = lijsten;
			sourceTree = "<group>";
		};
		FEBFD1082588E91400592BE7 /* Preview Content */ = {
			isa = PBXGroup;
			children = (
				FEBFD1092588E91400592BE7 /* Preview Assets.xcassets */,
			);
			path = "Preview Content";
			sourceTree = "<group>";
		};
/* End PBXGroup section */

/* Begin PBXNativeTarget section */
		FEBFD0FE2588E91100592BE7 /* lijsten */ = {
			isa = PBXNativeTarget;
			buildConfigurationList = FEBFD10E2588E91400592BE7 /* Build configuration list for PBXNativeTarget "lijsten" */;
			buildPhases = (
				FEBFD0FB2588E91100592BE7 /* Sources */,
				FEBFD0FC2588E91100592BE7 /* Frameworks */,
				FEBFD0FD2588E91100592BE7 /* Resources */,
			);
			buildRules = (
			);
			dependencies = (
			);
			name = lijsten;
			productName = lijsten;
			productReference = FEBFD0FF2588E91100592BE7 /* lijsten.app */;
			productType = "com.apple.product-type.application";
		};
/* End PBXNativeTarget section */

/* Begin PBXProject section */
		FEBFD0F72588E91100592BE7 /* Project object */ = {
			isa = PBXProject;
			attributes = {
				LastSwiftUpdateCheck = 1220;
				LastUpgradeCheck = 1220;
				TargetAttributes = {
					FEBFD0FE2588E91100592BE7 = {
						CreatedOnToolsVersion = 12.2;
					};
				};
			};
			buildConfigurationList = FEBFD0FA2588E91100592BE7 /* Build configuration list for PBXProject "lijsten" */;
			compatibilityVersion = "Xcode 9.3";
			developmentRegion = en;
			hasScannedForEncodings = 0;
			knownRegions = (
				en,
				Base,
			);
			mainGroup = FEBFD0F62588E91100592BE7;
			productRefGroup = FEBFD1002588E91100592BE7 /* Products */;
			projectDirPath = "";
			projectRoot = "";
			targets = (
				FEBFD0FE2588E91100592BE7 /* lijsten */,
			);
		};
/* End PBXProject section */

/* Begin PBXResourcesBuildPhase section */
		FEBFD0FD2588E91100592BE7 /* Resources */ = {
			isa = PBXResourcesBuildPhase;
			buildActionMask = 2147483647;
			files = (
				FEBFD10A2588E91400592BE7 /* Preview Assets.xcassets in Resources */,
				FEBFD1072588E91400592BE7 /* Assets.xcassets in Resources */,
			);
			runOnlyForDeploymentPostprocessing = 0;
		};
/* End PBXResourcesBuildPhase section */

/* Begin PBXSourcesBuildPhase section */
		FEBFD0FB2588E91100592BE7 /* Sources */ = {
			isa = PBXSourcesBuildPhase;
			buildActionMask = 2147483647;
			files = (
				FEBFD1132588EA5900592BE7 /* Lijst2View.swift in Sources */,
				FEBFD1052588E91100592BE7 /* Lijst1View.swift in Sources */,
				FEBFD129258901AF00592BE7 /* Lijst9View.swift in Sources */,
				FEBFD1032588E91100592BE7 /* lijstenApp.swift in Sources */,
				FEBFD1232588F18500592BE7 /* Lijst7View.swift in Sources */,
				FEBFD1262588FFCD00592BE7 /* Lijst8View.swift in Sources */,
				FEBFD1172588EAF100592BE7 /* Lijst3View.swift in Sources */,
				FEBFD11A2588EBBE00592BE7 /* Lijst4VIew.swift in Sources */,
				FEBFD1202588F06500592BE7 /* Lijst6View.swift in Sources */,
				FEBFD11D2588EF7200592BE7 /* Lijst5View.swift in Sources */,
			);
			runOnlyForDeploymentPostprocessing = 0;
		};
/* End PBXSourcesBuildPhase section */

/* Begin XCBuildConfiguration section */
		FEBFD10C2588E91400592BE7 /* Debug */ = {
			isa = XCBuildConfiguration;
			buildSettings = {
				ALWAYS_SEARCH_USER_PATHS = NO;
				CLANG_ANALYZER_NONNULL = YES;
				CLANG_ANALYZER_NUMBER_OBJECT_CONVERSION = YES_AGGRESSIVE;
				CLANG_CXX_LANGUAGE_STANDARD = "gnu++14";
				CLANG_CXX_LIBRARY = "libc++";
				CLANG_ENABLE_MODULES = YES;
				CLANG_ENABLE_OBJC_ARC = YES;
				CLANG_ENABLE_OBJC_WEAK = YES;
				CLANG_WARN_BLOCK_CAPTURE_AUTORELEASING = YES;
				CLANG_WARN_BOOL_CONVERSION = YES;
				CLANG_WARN_COMMA = YES;
				CLANG_WARN_CONSTANT_CONVERSION = YES;
				CLANG_WARN_DEPRECATED_OBJC_IMPLEMENTATIONS = YES;
				CLANG_WARN_DIRECT_OBJC_ISA_USAGE = YES_ERROR;
				CLANG_WARN_DOCUMENTATION_COMMENTS = YES;
				CLANG_WARN_EMPTY_BODY = YES;
				CLANG_WARN_ENUM_CONVERSION = YES;
				CLANG_WARN_INFINITE_RECURSION = YES;
				CLANG_WARN_INT_CONVERSION = YES;
				CLANG_WARN_NON_LITERAL_NULL_CONVERSION = YES;
				CLANG_WARN_OBJC_IMPLICIT_RETAIN_SELF = YES;
				CLANG_WARN_OBJC_LITERAL_CONVERSION = YES;
				CLANG_WARN_OBJC_ROOT_CLASS = YES_ERROR;
				CLANG_WARN_QUOTED_INCLUDE_IN_FRAMEWORK_HEADER = YES;
				CLANG_WARN_RANGE_LOOP_ANALYSIS = YES;
				CLANG_WARN_STRICT_PROTOTYPES = YES;
				CLANG_WARN_SUSPICIOUS_MOVE = YES;
				CLANG_WARN_UNGUARDED_AVAILABILITY = YES_AGGRESSIVE;
				CLANG_WARN_UNREACHABLE_CODE = YES;
				CLANG_WARN__DUPLICATE_METHOD_MATCH = YES;
				COPY_PHASE_STRIP = NO;
				DEBUG_INFORMATION_FORMAT = dwarf;
				ENABLE_STRICT_OBJC_MSGSEND = YES;
				ENABLE_TESTABILITY = YES;
				GCC_C_LANGUAGE_STANDARD = gnu11;
				GCC_DYNAMIC_NO_PIC = NO;
				GCC_NO_COMMON_BLOCKS = YES;
				GCC_OPTIMIZATION_LEVEL = 0;
				GCC_PREPROCESSOR_DEFINITIONS = (
					"DEBUG=1",
					"$(inherited)",
				);
				GCC_WARN_64_TO_32_BIT_CONVERSION = YES;
				GCC_WARN_ABOUT_RETURN_TYPE = YES_ERROR;
				GCC_WARN_UNDECLARED_SELECTOR = YES;
				GCC_WARN_UNINITIALIZED_AUTOS = YES_AGGRESSIVE;
				GCC_WARN_UNUSED_FUNCTION = YES;
				GCC_WARN_UNUSED_VARIABLE = YES;
				IPHONEOS_DEPLOYMENT_TARGET = 14.2;
				MTL_ENABLE_DEBUG_INFO = INCLUDE_SOURCE;
				MTL_FAST_MATH = YES;
				ONLY_ACTIVE_ARCH = YES;
				SDKROOT = iphoneos;
				SWIFT_ACTIVE_COMPILATION_CONDITIONS = DEBUG;
				SWIFT_OPTIMIZATION_LEVEL = "-Onone";
			};
			name = Debug;
		};
		FEBFD10D2588E91400592BE7 /* Release */ = {
			isa = XCBuildConfiguration;
			buildSettings = {
				ALWAYS_SEARCH_USER_PATHS = NO;
				CLANG_ANALYZER_NONNULL = YES;
				CLANG_ANALYZER_NUMBER_OBJECT_CONVERSION = YES_AGGRESSIVE;
				CLANG_CXX_LANGUAGE_STANDARD = "gnu++14";
				CLANG_CXX_LIBRARY = "libc++";
				CLANG_ENABLE_MODULES = YES;
				CLANG_ENABLE_OBJC_ARC = YES;
				CLANG_ENABLE_OBJC_WEAK = YES;
				CLANG_WARN_BLOCK_CAPTURE_AUTORELEASING = YES;
				CLANG_WARN_BOOL_CONVERSION = YES;
				CLANG_WARN_COMMA = YES;
				CLANG_WARN_CONSTANT_CONVERSION = YES;
				CLANG_WARN_DEPRECATED_OBJC_IMPLEMENTATIONS = YES;
				CLANG_WARN_DIRECT_OBJC_ISA_USAGE = YES_ERROR;
				CLANG_WARN_DOCUMENTATION_COMMENTS = YES;
				CLANG_WARN_EMPTY_BODY = YES;
				CLANG_WARN_ENUM_CONVERSION = YES;
				CLANG_WARN_INFINITE_RECURSION = YES;
				CLANG_WARN_INT_CONVERSION = YES;
				CLANG_WARN_NON_LITERAL_NULL_CONVERSION = YES;
				CLANG_WARN_OBJC_IMPLICIT_RETAIN_SELF = YES;
				CLANG_WARN_OBJC_LITERAL_CONVERSION = YES;
				CLANG_WARN_OBJC_ROOT_CLASS = YES_ERROR;
				CLANG_WARN_QUOTED_INCLUDE_IN_FRAMEWORK_HEADER = YES;
				CLANG_WARN_RANGE_LOOP_ANALYSIS = YES;
				CLANG_WARN_STRICT_PROTOTYPES = YES;
				CLANG_WARN_SUSPICIOUS_MOVE = YES;
				CLANG_WARN_UNGUARDED_AVAILABILITY = YES_AGGRESSIVE;
				CLANG_WARN_UNREACHABLE_CODE = YES;
				CLANG_WARN__DUPLICATE_METHOD_MATCH = YES;
				COPY_PHASE_STRIP = NO;
				DEBUG_INFORMATION_FORMAT = "dwarf-with-dsym";
				ENABLE_NS_ASSERTIONS = NO;
				ENABLE_STRICT_OBJC_MSGSEND = YES;
				GCC_C_LANGUAGE_STANDARD = gnu11;
				GCC_NO_COMMON_BLOCKS = YES;
				GCC_WARN_64_TO_32_BIT_CONVERSION = YES;
				GCC_WARN_ABOUT_RETURN_TYPE = YES_ERROR;
				GCC_WARN_UNDECLARED_SELECTOR = YES;
				GCC_WARN_UNINITIALIZED_AUTOS = YES_AGGRESSIVE;
				GCC_WARN_UNUSED_FUNCTION = YES;
				GCC_WARN_UNUSED_VARIABLE = YES;
				IPHONEOS_DEPLOYMENT_TARGET = 14.2;
				MTL_ENABLE_DEBUG_INFO = NO;
				MTL_FAST_MATH = YES;
				SDKROOT = iphoneos;
				SWIFT_COMPILATION_MODE = wholemodule;
				SWIFT_OPTIMIZATION_LEVEL = "-O";
				VALIDATE_PRODUCT = YES;
			};
			name = Release;
		};
		FEBFD10F2588E91400592BE7 /* Debug */ = {
			isa = XCBuildConfiguration;
			buildSettings = {
				ASSETCATALOG_COMPILER_APPICON_NAME = AppIcon;
				ASSETCATALOG_COMPILER_GLOBAL_ACCENT_COLOR_NAME = AccentColor;
				CODE_SIGN_STYLE = Automatic;
				DEVELOPMENT_ASSET_PATHS = "\"lijsten/Preview Content\"";
				DEVELOPMENT_TEAM = 78RGUATB8F;
				ENABLE_PREVIEWS = YES;
				INFOPLIST_FILE = lijsten/Info.plist;
				IPHONEOS_DEPLOYMENT_TARGET = 14.0;
				LD_RUNPATH_SEARCH_PATHS = (
					"$(inherited)",
					"@executable_path/Frameworks",
				);
				PRODUCT_BUNDLE_IDENTIFIER = pro.littleworld.lijsten;
				PRODUCT_NAME = "$(TARGET_NAME)";
				SWIFT_VERSION = 5.0;
				TARGETED_DEVICE_FAMILY = "1,2";
			};
			name = Debug;
		};
		FEBFD1102588E91400592BE7 /* Release */ = {
			isa = XCBuildConfiguration;
			buildSettings = {
				ASSETCATALOG_COMPILER_APPICON_NAME = AppIcon;
				ASSETCATALOG_COMPILER_GLOBAL_ACCENT_COLOR_NAME = AccentColor;
				CODE_SIGN_STYLE = Automatic;
				DEVELOPMENT_ASSET_PATHS = "\"lijsten/Preview Content\"";
				DEVELOPMENT_TEAM = 78RGUATB8F;
				ENABLE_PREVIEWS = YES;
				INFOPLIST_FILE = lijsten/Info.plist;
				IPHONEOS_DEPLOYMENT_TARGET = 14.0;
				LD_RUNPATH_SEARCH_PATHS = (
					"$(inherited)",
					"@executable_path/Frameworks",
				);
				PRODUCT_BUNDLE_IDENTIFIER = pro.littleworld.lijsten;
				PRODUCT_NAME = "$(TARGET_NAME)";
				SWIFT_VERSION = 5.0;
				TARGETED_DEVICE_FAMILY = "1,2";
			};
			name = Release;
		};
/* End XCBuildConfiguration section */

/* Begin XCConfigurationList section */
		FEBFD0FA2588E91100592BE7 /* Build configuration list for PBXProject "lijsten" */ = {
			isa = XCConfigurationList;
			buildConfigurations = (
				FEBFD10C2588E91400592BE7 /* Debug */,
				FEBFD10D2588E91400592BE7 /* Release */,
			);
			defaultConfigurationIsVisible = 0;
			defaultConfigurationName = Release;
		};
		FEBFD10E2588E91400592BE7 /* Build configuration list for PBXNativeTarget "lijsten" */ = {
			isa = XCConfigurationList;
			buildConfigurations = (
				FEBFD10F2588E91400592BE7 /* Debug */,
				FEBFD1102588E91400592BE7 /* Release */,
			);
			defaultConfigurationIsVisible = 0;
			defaultConfigurationName = Release;
		};
/* End XCConfigurationList section */
	};
	rootObject = FEBFD0F72588E91100592BE7 /* Project object */;
}
